{
  "version": 4,
  "terraform_version": "1.14.3",
  "serial": 2,
  "lineage": "3260896d-c2a7-d1ea-0195-80eb08f623d5",
  "outputs": {
    "container_name": {
      "value": "tfstate",
      "type": "string"
    },
    "resource_group_name": {
      "value": "my-terraform-rg",
      "type": "string"
    }
  },
  "resources": [
    {
      "mode": "managed",
      "type": "random_id",
      "name": "storage_suffix",
      "provider": "provider[\"registry.terraform.io/hashicorp/random\"]",
      "instances": [
        {
          "schema_version": 0,
          "attributes": {
            "b64_std": "0lKSLw==",
            "b64_url": "0lKSLw",
            "byte_length": 4,
            "dec": "3528626735",
            "hex": "d252922f",
            "id": "0lKSLw",
            "keepers": null,
            "prefix": null
          },
          "sensitive_attributes": [],
          "identity_schema_version": 0
        }
      ]
    }
  ],
  "check_results": [
    {
      "object_kind": "var",
      "config_addr": "var.storage_account_prefix",
      "status": "pass",
      "objects": [
        {
          "object_addr": "var.storage_account_prefix",
          "status": "pass"
        }
      ]
    }
  ]
}
